// !$*UTF8*$!
{
	archiveVersion = 1;
	classes = {
	};
	objectVersion = 50;
	objects = {

/* Begin PBXBuildFile section */
		10A77279221D12A000A457AB /* OTMAppDelegate.swift in Sources */ = {isa = PBXBuildFile; fileRef = 10A77278221D12A000A457AB /* OTMAppDelegate.swift */; };
		10A7727B221D12A000A457AB /* TimerViewController.swift in Sources */ = {isa = PBXBuildFile; fileRef = 10A7727A221D12A000A457AB /* TimerViewController.swift */; };
		10A7727D221D12A000A457AB /* HistoryViewController.swift in Sources */ = {isa = PBXBuildFile; fileRef = 10A7727C221D12A000A457AB /* HistoryViewController.swift */; };
		10A77280221D12A000A457AB /* Main.storyboard in Resources */ = {isa = PBXBuildFile; fileRef = 10A7727E221D12A000A457AB /* Main.storyboard */; };
		10A77282221D12A300A457AB /* Assets.xcassets in Resources */ = {isa = PBXBuildFile; fileRef = 10A77281221D12A300A457AB /* Assets.xcassets */; };
		10A77285221D12A300A457AB /* LaunchScreen.storyboard in Resources */ = {isa = PBXBuildFile; fileRef = 10A77283221D12A300A457AB /* LaunchScreen.storyboard */; };
		10A77290221D12A400A457AB /* OverTimeCalculatorTests.swift in Sources */ = {isa = PBXBuildFile; fileRef = 10A7728F221D12A400A457AB /* OverTimeCalculatorTests.swift */; };
		10A7729B221D12A400A457AB /* OverTimeCalculatorUITests.swift in Sources */ = {isa = PBXBuildFile; fileRef = 10A7729A221D12A400A457AB /* OverTimeCalculatorUITests.swift */; };
		39DCD7157DA83A249ABAE528 /* Pods_OverTimeMaster.framework in Frameworks */ = {isa = PBXBuildFile; fileRef = 2C3C00774116B1C27D55D923 /* Pods_OverTimeMaster.framework */; };
		7EE775237A41DE5B03DDEDF9 /* Pods_OverTimeMasterTests.framework in Frameworks */ = {isa = PBXBuildFile; fileRef = 73F69E9695B15184F19C143F /* Pods_OverTimeMasterTests.framework */; };
		83333C8A109B8855E452EFD8 /* Pods_OverTimeMasterUITests.framework in Frameworks */ = {isa = PBXBuildFile; fileRef = 53DA5B2E18ACCE3630CA3207 /* Pods_OverTimeMasterUITests.framework */; };
		CB17F629221F499B00B9ABB2 /* GoogleService-Info.plist in Resources */ = {isa = PBXBuildFile; fileRef = CB17F628221F499B00B9ABB2 /* GoogleService-Info.plist */; };
		CB5872F4222F0D8200B28D3A /* SettingsViewController.swift in Sources */ = {isa = PBXBuildFile; fileRef = CB5872F2222F0D8200B28D3A /* SettingsViewController.swift */; };
		CB5872F5222F0D8200B28D3A /* CalendarViewController.swift in Sources */ = {isa = PBXBuildFile; fileRef = CB5872F3222F0D8200B28D3A /* CalendarViewController.swift */; };
/* End PBXBuildFile section */

/* Begin PBXContainerItemProxy section */
		10A7728C221D12A400A457AB /* PBXContainerItemProxy */ = {
			isa = PBXContainerItemProxy;
			containerPortal = 10A7726D221D12A000A457AB /* Project object */;
			proxyType = 1;
			remoteGlobalIDString = 10A77274221D12A000A457AB;
			remoteInfo = OverTimeCalculator;
		};
		10A77297221D12A400A457AB /* PBXContainerItemProxy */ = {
			isa = PBXContainerItemProxy;
			containerPortal = 10A7726D221D12A000A457AB /* Project object */;
			proxyType = 1;
			remoteGlobalIDString = 10A77274221D12A000A457AB;
			remoteInfo = OverTimeCalculator;
		};
/* End PBXContainerItemProxy section */

/* Begin PBXFileReference section */
		10A77275221D12A000A457AB /* OverTimeMaster.app */ = {isa = PBXFileReference; explicitFileType = wrapper.application; includeInIndex = 0; path = OverTimeMaster.app; sourceTree = BUILT_PRODUCTS_DIR; };
		10A77278221D12A000A457AB /* OTMAppDelegate.swift */ = {isa = PBXFileReference; lastKnownFileType = sourcecode.swift; path = OTMAppDelegate.swift; sourceTree = "<group>"; };
		10A7727A221D12A000A457AB /* TimerViewController.swift */ = {isa = PBXFileReference; lastKnownFileType = sourcecode.swift; path = TimerViewController.swift; sourceTree = "<group>"; };
		10A7727C221D12A000A457AB /* HistoryViewController.swift */ = {isa = PBXFileReference; lastKnownFileType = sourcecode.swift; path = HistoryViewController.swift; sourceTree = "<group>"; };
		10A7727F221D12A000A457AB /* Base */ = {isa = PBXFileReference; lastKnownFileType = file.storyboard; name = Base; path = Base.lproj/Main.storyboard; sourceTree = "<group>"; };
		10A77281221D12A300A457AB /* Assets.xcassets */ = {isa = PBXFileReference; lastKnownFileType = folder.assetcatalog; path = Assets.xcassets; sourceTree = "<group>"; };
		10A77284221D12A300A457AB /* Base */ = {isa = PBXFileReference; lastKnownFileType = file.storyboard; name = Base; path = Base.lproj/LaunchScreen.storyboard; sourceTree = "<group>"; };
		10A77286221D12A300A457AB /* Info.plist */ = {isa = PBXFileReference; lastKnownFileType = text.plist.xml; path = Info.plist; sourceTree = "<group>"; };
		10A7728B221D12A400A457AB /* OverTimeMasterTests.xctest */ = {isa = PBXFileReference; explicitFileType = wrapper.cfbundle; includeInIndex = 0; path = OverTimeMasterTests.xctest; sourceTree = BUILT_PRODUCTS_DIR; };
		10A7728F221D12A400A457AB /* OverTimeCalculatorTests.swift */ = {isa = PBXFileReference; lastKnownFileType = sourcecode.swift; path = OverTimeCalculatorTests.swift; sourceTree = "<group>"; };
		10A77291221D12A400A457AB /* Info.plist */ = {isa = PBXFileReference; lastKnownFileType = text.plist.xml; path = Info.plist; sourceTree = "<group>"; };
		10A77296221D12A400A457AB /* OverTimeMasterUITests.xctest */ = {isa = PBXFileReference; explicitFileType = wrapper.cfbundle; includeInIndex = 0; path = OverTimeMasterUITests.xctest; sourceTree = BUILT_PRODUCTS_DIR; };
		10A7729A221D12A400A457AB /* OverTimeCalculatorUITests.swift */ = {isa = PBXFileReference; lastKnownFileType = sourcecode.swift; path = OverTimeCalculatorUITests.swift; sourceTree = "<group>"; };
		10A7729C221D12A400A457AB /* Info.plist */ = {isa = PBXFileReference; lastKnownFileType = text.plist.xml; path = Info.plist; sourceTree = "<group>"; };
		29AB51EED88B093F1FA8191E /* Pods-OverTimeMasterUITests.debug.xcconfig */ = {isa = PBXFileReference; includeInIndex = 1; lastKnownFileType = text.xcconfig; name = "Pods-OverTimeMasterUITests.debug.xcconfig"; path = "Pods/Target Support Files/Pods-OverTimeMasterUITests/Pods-OverTimeMasterUITests.debug.xcconfig"; sourceTree = "<group>"; };
		2C3C00774116B1C27D55D923 /* Pods_OverTimeMaster.framework */ = {isa = PBXFileReference; explicitFileType = wrapper.framework; includeInIndex = 0; path = Pods_OverTimeMaster.framework; sourceTree = BUILT_PRODUCTS_DIR; };
		2D268B2C8B2D9BD1C79B2443 /* Pods-OverTimeMasterUITests.release.xcconfig */ = {isa = PBXFileReference; includeInIndex = 1; lastKnownFileType = text.xcconfig; name = "Pods-OverTimeMasterUITests.release.xcconfig"; path = "Pods/Target Support Files/Pods-OverTimeMasterUITests/Pods-OverTimeMasterUITests.release.xcconfig"; sourceTree = "<group>"; };
		53DA5B2E18ACCE3630CA3207 /* Pods_OverTimeMasterUITests.framework */ = {isa = PBXFileReference; explicitFileType = wrapper.framework; includeInIndex = 0; path = Pods_OverTimeMasterUITests.framework; sourceTree = BUILT_PRODUCTS_DIR; };
		676A6EF922684C43A2D33BFE /* Pods-OverTimeMasterTests.debug.xcconfig */ = {isa = PBXFileReference; includeInIndex = 1; lastKnownFileType = text.xcconfig; name = "Pods-OverTimeMasterTests.debug.xcconfig"; path = "Pods/Target Support Files/Pods-OverTimeMasterTests/Pods-OverTimeMasterTests.debug.xcconfig"; sourceTree = "<group>"; };
		73F69E9695B15184F19C143F /* Pods_OverTimeMasterTests.framework */ = {isa = PBXFileReference; explicitFileType = wrapper.framework; includeInIndex = 0; path = Pods_OverTimeMasterTests.framework; sourceTree = BUILT_PRODUCTS_DIR; };
		B8CB1B13ABA4DDC53C8A152D /* Pods-OverTimeMaster.release.xcconfig */ = {isa = PBXFileReference; includeInIndex = 1; lastKnownFileType = text.xcconfig; name = "Pods-OverTimeMaster.release.xcconfig"; path = "Pods/Target Support Files/Pods-OverTimeMaster/Pods-OverTimeMaster.release.xcconfig"; sourceTree = "<group>"; };
		BA990A197B05668FDD2F1D85 /* Pods-OverTimeMasterTests.release.xcconfig */ = {isa = PBXFileReference; includeInIndex = 1; lastKnownFileType = text.xcconfig; name = "Pods-OverTimeMasterTests.release.xcconfig"; path = "Pods/Target Support Files/Pods-OverTimeMasterTests/Pods-OverTimeMasterTests.release.xcconfig"; sourceTree = "<group>"; };
		CB17F628221F499B00B9ABB2 /* GoogleService-Info.plist */ = {isa = PBXFileReference; fileEncoding = 4; lastKnownFileType = text.plist.xml; path = "GoogleService-Info.plist"; sourceTree = "<group>"; };
		CB5872F2222F0D8200B28D3A /* SettingsViewController.swift */ = {isa = PBXFileReference; fileEncoding = 4; lastKnownFileType = sourcecode.swift; path = SettingsViewController.swift; sourceTree = "<group>"; };
		CB5872F3222F0D8200B28D3A /* CalendarViewController.swift */ = {isa = PBXFileReference; fileEncoding = 4; lastKnownFileType = sourcecode.swift; path = CalendarViewController.swift; sourceTree = "<group>"; };
		D08CBF794D272410EB155F3F /* Pods-OverTimeMaster.debug.xcconfig */ = {isa = PBXFileReference; includeInIndex = 1; lastKnownFileType = text.xcconfig; name = "Pods-OverTimeMaster.debug.xcconfig"; path = "Pods/Target Support Files/Pods-OverTimeMaster/Pods-OverTimeMaster.debug.xcconfig"; sourceTree = "<group>"; };
/* End PBXFileReference section */

/* Begin PBXFrameworksBuildPhase section */
		10A77272221D12A000A457AB /* Frameworks */ = {
			isa = PBXFrameworksBuildPhase;
			buildActionMask = 2147483647;
			files = (
				39DCD7157DA83A249ABAE528 /* Pods_OverTimeMaster.framework in Frameworks */,
			);
			runOnlyForDeploymentPostprocessing = 0;
		};
		10A77288221D12A400A457AB /* Frameworks */ = {
			isa = PBXFrameworksBuildPhase;
			buildActionMask = 2147483647;
			files = (
				7EE775237A41DE5B03DDEDF9 /* Pods_OverTimeMasterTests.framework in Frameworks */,
			);
			runOnlyForDeploymentPostprocessing = 0;
		};
		10A77293221D12A400A457AB /* Frameworks */ = {
			isa = PBXFrameworksBuildPhase;
			buildActionMask = 2147483647;
			files = (
				83333C8A109B8855E452EFD8 /* Pods_OverTimeMasterUITests.framework in Frameworks */,
			);
			runOnlyForDeploymentPostprocessing = 0;
		};
/* End PBXFrameworksBuildPhase section */

/* Begin PBXGroup section */
		1010252D221FB63D00782A56 /* Util */ = {
			isa = PBXGroup;
			children = (
			);
			path = Util;
			sourceTree = "<group>";
		};
		10A7726C221D12A000A457AB = {
			isa = PBXGroup;
			children = (
				10A77277221D12A000A457AB /* OverTimeMaster */,
				10A7728E221D12A400A457AB /* OverTimeMasterTests */,
				10A77299221D12A400A457AB /* OverTimeMasterUITests */,
				10A77276221D12A000A457AB /* Products */,
				24C26299DDB8E98BFC7C22DD /* Pods */,
				71416C3A3701070F56F4E1D6 /* Frameworks */,
			);
			sourceTree = "<group>";
		};
		10A77276221D12A000A457AB /* Products */ = {
			isa = PBXGroup;
			children = (
				10A77275221D12A000A457AB /* OverTimeMaster.app */,
				10A7728B221D12A400A457AB /* OverTimeMasterTests.xctest */,
				10A77296221D12A400A457AB /* OverTimeMasterUITests.xctest */,
			);
			name = Products;
			sourceTree = "<group>";
		};
		10A77277221D12A000A457AB /* OverTimeMaster */ = {
			isa = PBXGroup;
			children = (
				CB17F62D221F4BEE00B9ABB2 /* Resource */,
				CB17F62C221F4BD300B9ABB2 /* Controller */,
				CB17F62A221F4BD300B9ABB2 /* Model */,
				CB17F62B221F4BD300B9ABB2 /* View */,
				1010252D221FB63D00782A56 /* Util */,
				10A77278221D12A000A457AB /* OTMAppDelegate.swift */,
				10A77286221D12A300A457AB /* Info.plist */,
				CB17F628221F499B00B9ABB2 /* GoogleService-Info.plist */,
			);
			path = OverTimeMaster;
			sourceTree = "<group>";
		};
		10A7728E221D12A400A457AB /* OverTimeMasterTests */ = {
			isa = PBXGroup;
			children = (
				10A7728F221D12A400A457AB /* OverTimeCalculatorTests.swift */,
				10A77291221D12A400A457AB /* Info.plist */,
			);
			path = OverTimeMasterTests;
			sourceTree = "<group>";
		};
		10A77299221D12A400A457AB /* OverTimeMasterUITests */ = {
			isa = PBXGroup;
			children = (
				10A7729A221D12A400A457AB /* OverTimeCalculatorUITests.swift */,
				10A7729C221D12A400A457AB /* Info.plist */,
			);
			path = OverTimeMasterUITests;
			sourceTree = "<group>";
		};
		24C26299DDB8E98BFC7C22DD /* Pods */ = {
			isa = PBXGroup;
			children = (
				D08CBF794D272410EB155F3F /* Pods-OverTimeMaster.debug.xcconfig */,
				B8CB1B13ABA4DDC53C8A152D /* Pods-OverTimeMaster.release.xcconfig */,
				676A6EF922684C43A2D33BFE /* Pods-OverTimeMasterTests.debug.xcconfig */,
				BA990A197B05668FDD2F1D85 /* Pods-OverTimeMasterTests.release.xcconfig */,
				29AB51EED88B093F1FA8191E /* Pods-OverTimeMasterUITests.debug.xcconfig */,
				2D268B2C8B2D9BD1C79B2443 /* Pods-OverTimeMasterUITests.release.xcconfig */,
			);
			name = Pods;
			sourceTree = "<group>";
		};
		71416C3A3701070F56F4E1D6 /* Frameworks */ = {
			isa = PBXGroup;
			children = (
				2C3C00774116B1C27D55D923 /* Pods_OverTimeMaster.framework */,
				73F69E9695B15184F19C143F /* Pods_OverTimeMasterTests.framework */,
				53DA5B2E18ACCE3630CA3207 /* Pods_OverTimeMasterUITests.framework */,
			);
			name = Frameworks;
			sourceTree = "<group>";
		};
		CB17F62A221F4BD300B9ABB2 /* Model */ = {
			isa = PBXGroup;
			children = (
			);
			path = Model;
			sourceTree = "<group>";
		};
		CB17F62B221F4BD300B9ABB2 /* View */ = {
			isa = PBXGroup;
			children = (
			);
			path = View;
			sourceTree = "<group>";
		};
		CB17F62C221F4BD300B9ABB2 /* Controller */ = {
			isa = PBXGroup;
			children = (
				CB5872F3222F0D8200B28D3A /* CalendarViewController.swift */,
				CB5872F2222F0D8200B28D3A /* SettingsViewController.swift */,
				10A7727A221D12A000A457AB /* TimerViewController.swift */,
				10A7727C221D12A000A457AB /* HistoryViewController.swift */,
			);
			path = Controller;
			sourceTree = "<group>";
		};
		CB17F62D221F4BEE00B9ABB2 /* Resource */ = {
			isa = PBXGroup;
			children = (
				10A7727E221D12A000A457AB /* Main.storyboard */,
				10A77281221D12A300A457AB /* Assets.xcassets */,
				10A77283221D12A300A457AB /* LaunchScreen.storyboard */,
			);
			path = Resource;
			sourceTree = "<group>";
		};
/* End PBXGroup section */

/* Begin PBXNativeTarget section */
		10A77274221D12A000A457AB /* OverTimeMaster */ = {
			isa = PBXNativeTarget;
			buildConfigurationList = 10A7729F221D12A400A457AB /* Build configuration list for PBXNativeTarget "OverTimeMaster" */;
			buildPhases = (
				63B3A0BCC21C260AA1A438B3 /* [CP] Check Pods Manifest.lock */,
				10A77271221D12A000A457AB /* Sources */,
				10A77272221D12A000A457AB /* Frameworks */,
				10A77273221D12A000A457AB /* Resources */,
				8C4BD4FF6C5433122E402105 /* [CP] Embed Pods Frameworks */,
			);
			buildRules = (
			);
			dependencies = (
			);
			name = OverTimeMaster;
			productName = OverTimeCalculator;
			productReference = 10A77275221D12A000A457AB /* OverTimeMaster.app */;
			productType = "com.apple.product-type.application";
		};
		10A7728A221D12A400A457AB /* OverTimeMasterTests */ = {
			isa = PBXNativeTarget;
			buildConfigurationList = 10A772A2221D12A400A457AB /* Build configuration list for PBXNativeTarget "OverTimeMasterTests" */;
			buildPhases = (
				4D230451E6DEC0B117B8BC52 /* [CP] Check Pods Manifest.lock */,
				10A77287221D12A400A457AB /* Sources */,
				10A77288221D12A400A457AB /* Frameworks */,
				10A77289221D12A400A457AB /* Resources */,
			);
			buildRules = (
			);
			dependencies = (
				10A7728D221D12A400A457AB /* PBXTargetDependency */,
			);
			name = OverTimeMasterTests;
			productName = OverTimeCalculatorTests;
			productReference = 10A7728B221D12A400A457AB /* OverTimeMasterTests.xctest */;
			productType = "com.apple.product-type.bundle.unit-test";
		};
		10A77295221D12A400A457AB /* OverTimeMasterUITests */ = {
			isa = PBXNativeTarget;
			buildConfigurationList = 10A772A5221D12A400A457AB /* Build configuration list for PBXNativeTarget "OverTimeMasterUITests" */;
			buildPhases = (
				65F9E3F0FAB5A303E91ECD72 /* [CP] Check Pods Manifest.lock */,
				10A77292221D12A400A457AB /* Sources */,
				10A77293221D12A400A457AB /* Frameworks */,
				10A77294221D12A400A457AB /* Resources */,
			);
			buildRules = (
			);
			dependencies = (
				10A77298221D12A400A457AB /* PBXTargetDependency */,
			);
			name = OverTimeMasterUITests;
			productName = OverTimeCalculatorUITests;
			productReference = 10A77296221D12A400A457AB /* OverTimeMasterUITests.xctest */;
			productType = "com.apple.product-type.bundle.ui-testing";
		};
/* End PBXNativeTarget section */

/* Begin PBXProject section */
		10A7726D221D12A000A457AB /* Project object */ = {
			isa = PBXProject;
			attributes = {
				LastSwiftUpdateCheck = 1010;
				LastUpgradeCheck = 1010;
				ORGANIZATIONNAME = 4Dot;
				TargetAttributes = {
					10A77274221D12A000A457AB = {
						CreatedOnToolsVersion = 10.1;
					};
					10A7728A221D12A400A457AB = {
						CreatedOnToolsVersion = 10.1;
						TestTargetID = 10A77274221D12A000A457AB;
					};
					10A77295221D12A400A457AB = {
						CreatedOnToolsVersion = 10.1;
						TestTargetID = 10A77274221D12A000A457AB;
					};
				};
			};
			buildConfigurationList = 10A77270221D12A000A457AB /* Build configuration list for PBXProject "OverTimeMaster" */;
			compatibilityVersion = "Xcode 9.3";
			developmentRegion = en;
			hasScannedForEncodings = 0;
			knownRegions = (
				en,
				Base,
			);
			mainGroup = 10A7726C221D12A000A457AB;
			productRefGroup = 10A77276221D12A000A457AB /* Products */;
			projectDirPath = "";
			projectRoot = "";
			targets = (
				10A77274221D12A000A457AB /* OverTimeMaster */,
				10A7728A221D12A400A457AB /* OverTimeMasterTests */,
				10A77295221D12A400A457AB /* OverTimeMasterUITests */,
			);
		};
/* End PBXProject section */

/* Begin PBXResourcesBuildPhase section */
		10A77273221D12A000A457AB /* Resources */ = {
			isa = PBXResourcesBuildPhase;
			buildActionMask = 2147483647;
			files = (
				10A77285221D12A300A457AB /* LaunchScreen.storyboard in Resources */,
				CB17F629221F499B00B9ABB2 /* GoogleService-Info.plist in Resources */,
				10A77282221D12A300A457AB /* Assets.xcassets in Resources */,
				10A77280221D12A000A457AB /* Main.storyboard in Resources */,
			);
			runOnlyForDeploymentPostprocessing = 0;
		};
		10A77289221D12A400A457AB /* Resources */ = {
			isa = PBXResourcesBuildPhase;
			buildActionMask = 2147483647;
			files = (
			);
			runOnlyForDeploymentPostprocessing = 0;
		};
		10A77294221D12A400A457AB /* Resources */ = {
			isa = PBXResourcesBuildPhase;
			buildActionMask = 2147483647;
			files = (
			);
			runOnlyForDeploymentPostprocessing = 0;
		};
/* End PBXResourcesBuildPhase section */

/* Begin PBXShellScriptBuildPhase section */
		4D230451E6DEC0B117B8BC52 /* [CP] Check Pods Manifest.lock */ = {
			isa = PBXShellScriptBuildPhase;
			buildActionMask = 2147483647;
			files = (
			);
			inputFileListPaths = (
			);
			inputPaths = (
				"${PODS_PODFILE_DIR_PATH}/Podfile.lock",
				"${PODS_ROOT}/Manifest.lock",
			);
			name = "[CP] Check Pods Manifest.lock";
			outputFileListPaths = (
			);
			outputPaths = (
				"$(DERIVED_FILE_DIR)/Pods-OverTimeMasterTests-checkManifestLockResult.txt",
			);
			runOnlyForDeploymentPostprocessing = 0;
			shellPath = /bin/sh;
			shellScript = "diff \"${PODS_PODFILE_DIR_PATH}/Podfile.lock\" \"${PODS_ROOT}/Manifest.lock\" > /dev/null\nif [ $? != 0 ] ; then\n    # print error to STDERR\n    echo \"error: The sandbox is not in sync with the Podfile.lock. Run 'pod install' or update your CocoaPods installation.\" >&2\n    exit 1\nfi\n# This output is used by Xcode 'outputs' to avoid re-running this script phase.\necho \"SUCCESS\" > \"${SCRIPT_OUTPUT_FILE_0}\"\n";
			showEnvVarsInLog = 0;
		};
		63B3A0BCC21C260AA1A438B3 /* [CP] Check Pods Manifest.lock */ = {
			isa = PBXShellScriptBuildPhase;
			buildActionMask = 2147483647;
			files = (
			);
			inputFileListPaths = (
			);
			inputPaths = (
				"${PODS_PODFILE_DIR_PATH}/Podfile.lock",
				"${PODS_ROOT}/Manifest.lock",
			);
			name = "[CP] Check Pods Manifest.lock";
			outputFileListPaths = (
			);
			outputPaths = (
				"$(DERIVED_FILE_DIR)/Pods-OverTimeMaster-checkManifestLockResult.txt",
			);
			runOnlyForDeploymentPostprocessing = 0;
			shellPath = /bin/sh;
			shellScript = "diff \"${PODS_PODFILE_DIR_PATH}/Podfile.lock\" \"${PODS_ROOT}/Manifest.lock\" > /dev/null\nif [ $? != 0 ] ; then\n    # print error to STDERR\n    echo \"error: The sandbox is not in sync with the Podfile.lock. Run 'pod install' or update your CocoaPods installation.\" >&2\n    exit 1\nfi\n# This output is used by Xcode 'outputs' to avoid re-running this script phase.\necho \"SUCCESS\" > \"${SCRIPT_OUTPUT_FILE_0}\"\n";
			showEnvVarsInLog = 0;
		};
		65F9E3F0FAB5A303E91ECD72 /* [CP] Check Pods Manifest.lock */ = {
			isa = PBXShellScriptBuildPhase;
			buildActionMask = 2147483647;
			files = (
			);
			inputFileListPaths = (
			);
			inputPaths = (
				"${PODS_PODFILE_DIR_PATH}/Podfile.lock",
				"${PODS_ROOT}/Manifest.lock",
			);
			name = "[CP] Check Pods Manifest.lock";
			outputFileListPaths = (
			);
			outputPaths = (
				"$(DERIVED_FILE_DIR)/Pods-OverTimeMasterUITests-checkManifestLockResult.txt",
			);
			runOnlyForDeploymentPostprocessing = 0;
			shellPath = /bin/sh;
			shellScript = "diff \"${PODS_PODFILE_DIR_PATH}/Podfile.lock\" \"${PODS_ROOT}/Manifest.lock\" > /dev/null\nif [ $? != 0 ] ; then\n    # print error to STDERR\n    echo \"error: The sandbox is not in sync with the Podfile.lock. Run 'pod install' or update your CocoaPods installation.\" >&2\n    exit 1\nfi\n# This output is used by Xcode 'outputs' to avoid re-running this script phase.\necho \"SUCCESS\" > \"${SCRIPT_OUTPUT_FILE_0}\"\n";
			showEnvVarsInLog = 0;
		};
		8C4BD4FF6C5433122E402105 /* [CP] Embed Pods Frameworks */ = {
			isa = PBXShellScriptBuildPhase;
			buildActionMask = 2147483647;
			files = (
			);
			inputFileListPaths = (
			);
			inputPaths = (
				"${SRCROOT}/Pods/Target Support Files/Pods-OverTimeMaster/Pods-OverTimeMaster-frameworks.sh",
				"${BUILT_PRODUCTS_DIR}/GoogleUtilities/GoogleUtilities.framework",
				"${BUILT_PRODUCTS_DIR}/JTAppleCalendar/JTAppleCalendar.framework",
				"${BUILT_PRODUCTS_DIR}/nanopb/nanopb.framework",
			);
			name = "[CP] Embed Pods Frameworks";
			outputFileListPaths = (
			);
			outputPaths = (
				"${TARGET_BUILD_DIR}/${FRAMEWORKS_FOLDER_PATH}/GoogleUtilities.framework",
				"${TARGET_BUILD_DIR}/${FRAMEWORKS_FOLDER_PATH}/JTAppleCalendar.framework",
				"${TARGET_BUILD_DIR}/${FRAMEWORKS_FOLDER_PATH}/nanopb.framework",
			);
			runOnlyForDeploymentPostprocessing = 0;
			shellPath = /bin/sh;
			shellScript = "\"${SRCROOT}/Pods/Target Support Files/Pods-OverTimeMaster/Pods-OverTimeMaster-frameworks.sh\"\n";
			showEnvVarsInLog = 0;
		};
/* End PBXShellScriptBuildPhase section */

/* Begin PBXSourcesBuildPhase section */
		10A77271221D12A000A457AB /* Sources */ = {
			isa = PBXSourcesBuildPhase;
			buildActionMask = 2147483647;
			files = (
				CB5872F5222F0D8200B28D3A /* CalendarViewController.swift in Sources */,
				10A7727D221D12A000A457AB /* HistoryViewController.swift in Sources */,
				10A77279221D12A000A457AB /* OTMAppDelegate.swift in Sources */,
				10A7727B221D12A000A457AB /* TimerViewController.swift in Sources */,
				CB5872F4222F0D8200B28D3A /* SettingsViewController.swift in Sources */,
			);
			runOnlyForDeploymentPostprocessing = 0;
		};
		10A77287221D12A400A457AB /* Sources */ = {
			isa = PBXSourcesBuildPhase;
			buildActionMask = 2147483647;
			files = (
				10A77290221D12A400A457AB /* OverTimeCalculatorTests.swift in Sources */,
			);
			runOnlyForDeploymentPostprocessing = 0;
		};
		10A77292221D12A400A457AB /* Sources */ = {
			isa = PBXSourcesBuildPhase;
			buildActionMask = 2147483647;
			files = (
				10A7729B221D12A400A457AB /* OverTimeCalculatorUITests.swift in Sources */,
			);
			runOnlyForDeploymentPostprocessing = 0;
		};
/* End PBXSourcesBuildPhase section */

/* Begin PBXTargetDependency section */
		10A7728D221D12A400A457AB /* PBXTargetDependency */ = {
			isa = PBXTargetDependency;
			target = 10A77274221D12A000A457AB /* OverTimeMaster */;
			targetProxy = 10A7728C221D12A400A457AB /* PBXContainerItemProxy */;
		};
		10A77298221D12A400A457AB /* PBXTargetDependency */ = {
			isa = PBXTargetDependency;
			target = 10A77274221D12A000A457AB /* OverTimeMaster */;
			targetProxy = 10A77297221D12A400A457AB /* PBXContainerItemProxy */;
		};
/* End PBXTargetDependency section */

/* Begin PBXVariantGroup section */
		10A7727E221D12A000A457AB /* Main.storyboard */ = {
			isa = PBXVariantGroup;
			children = (
				10A7727F221D12A000A457AB /* Base */,
			);
			name = Main.storyboard;
			sourceTree = "<group>";
		};
		10A77283221D12A300A457AB /* LaunchScreen.storyboard */ = {
			isa = PBXVariantGroup;
			children = (
				10A77284221D12A300A457AB /* Base */,
			);
			name = LaunchScreen.storyboard;
			sourceTree = "<group>";
		};
/* End PBXVariantGroup section */

/* Begin XCBuildConfiguration section */
		10A7729D221D12A400A457AB /* Debug */ = {
			isa = XCBuildConfiguration;
			buildSettings = {
				ALWAYS_SEARCH_USER_PATHS = NO;
				CLANG_ANALYZER_NONNULL = YES;
				CLANG_ANALYZER_NUMBER_OBJECT_CONVERSION = YES_AGGRESSIVE;
				CLANG_CXX_LANGUAGE_STANDARD = "gnu++14";
				CLANG_CXX_LIBRARY = "libc++";
				CLANG_ENABLE_MODULES = YES;
				CLANG_ENABLE_OBJC_ARC = YES;
				CLANG_ENABLE_OBJC_WEAK = YES;
				CLANG_WARN_BLOCK_CAPTURE_AUTORELEASING = YES;
				CLANG_WARN_BOOL_CONVERSION = YES;
				CLANG_WARN_COMMA = YES;
				CLANG_WARN_CONSTANT_CONVERSION = YES;
				CLANG_WARN_DEPRECATED_OBJC_IMPLEMENTATIONS = YES;
				CLANG_WARN_DIRECT_OBJC_ISA_USAGE = YES_ERROR;
				CLANG_WARN_DOCUMENTATION_COMMENTS = YES;
				CLANG_WARN_EMPTY_BODY = YES;
				CLANG_WARN_ENUM_CONVERSION = YES;
				CLANG_WARN_INFINITE_RECURSION = YES;
				CLANG_WARN_INT_CONVERSION = YES;
				CLANG_WARN_NON_LITERAL_NULL_CONVERSION = YES;
				CLANG_WARN_OBJC_IMPLICIT_RETAIN_SELF = YES;
				CLANG_WARN_OBJC_LITERAL_CONVERSION = YES;
				CLANG_WARN_OBJC_ROOT_CLASS = YES_ERROR;
				CLANG_WARN_RANGE_LOOP_ANALYSIS = YES;
				CLANG_WARN_STRICT_PROTOTYPES = YES;
				CLANG_WARN_SUSPICIOUS_MOVE = YES;
				CLANG_WARN_UNGUARDED_AVAILABILITY = YES_AGGRESSIVE;
				CLANG_WARN_UNREACHABLE_CODE = YES;
				CLANG_WARN__DUPLICATE_METHOD_MATCH = YES;
				CODE_SIGN_IDENTITY = "iPhone Developer";
				COPY_PHASE_STRIP = NO;
				DEBUG_INFORMATION_FORMAT = dwarf;
				ENABLE_STRICT_OBJC_MSGSEND = YES;
				ENABLE_TESTABILITY = YES;
				GCC_C_LANGUAGE_STANDARD = gnu11;
				GCC_DYNAMIC_NO_PIC = NO;
				GCC_NO_COMMON_BLOCKS = YES;
				GCC_OPTIMIZATION_LEVEL = 0;
				GCC_PREPROCESSOR_DEFINITIONS = (
					"DEBUG=1",
					"$(inherited)",
				);
				GCC_WARN_64_TO_32_BIT_CONVERSION = YES;
				GCC_WARN_ABOUT_RETURN_TYPE = YES_ERROR;
				GCC_WARN_UNDECLARED_SELECTOR = YES;
				GCC_WARN_UNINITIALIZED_AUTOS = YES_AGGRESSIVE;
				GCC_WARN_UNUSED_FUNCTION = YES;
				GCC_WARN_UNUSED_VARIABLE = YES;
				IPHONEOS_DEPLOYMENT_TARGET = 12.1;
				MTL_ENABLE_DEBUG_INFO = INCLUDE_SOURCE;
				MTL_FAST_MATH = YES;
				ONLY_ACTIVE_ARCH = YES;
				SDKROOT = iphoneos;
				SWIFT_ACTIVE_COMPILATION_CONDITIONS = DEBUG;
				SWIFT_OPTIMIZATION_LEVEL = "-Onone";
			};
			name = Debug;
		};
		10A7729E221D12A400A457AB /* Release */ = {
			isa = XCBuildConfiguration;
			buildSettings = {
				ALWAYS_SEARCH_USER_PATHS = NO;
				CLANG_ANALYZER_NONNULL = YES;
				CLANG_ANALYZER_NUMBER_OBJECT_CONVERSION = YES_AGGRESSIVE;
				CLANG_CXX_LANGUAGE_STANDARD = "gnu++14";
				CLANG_CXX_LIBRARY = "libc++";
				CLANG_ENABLE_MODULES = YES;
				CLANG_ENABLE_OBJC_ARC = YES;
				CLANG_ENABLE_OBJC_WEAK = YES;
				CLANG_WARN_BLOCK_CAPTURE_AUTORELEASING = YES;
				CLANG_WARN_BOOL_CONVERSION = YES;
				CLANG_WARN_COMMA = YES;
				CLANG_WARN_CONSTANT_CONVERSION = YES;
				CLANG_WARN_DEPRECATED_OBJC_IMPLEMENTATIONS = YES;
				CLANG_WARN_DIRECT_OBJC_ISA_USAGE = YES_ERROR;
				CLANG_WARN_DOCUMENTATION_COMMENTS = YES;
				CLANG_WARN_EMPTY_BODY = YES;
				CLANG_WARN_ENUM_CONVERSION = YES;
				CLANG_WARN_INFINITE_RECURSION = YES;
				CLANG_WARN_INT_CONVERSION = YES;
				CLANG_WARN_NON_LITERAL_NULL_CONVERSION = YES;
				CLANG_WARN_OBJC_IMPLICIT_RETAIN_SELF = YES;
				CLANG_WARN_OBJC_LITERAL_CONVERSION = YES;
				CLANG_WARN_OBJC_ROOT_CLASS = YES_ERROR;
				CLANG_WARN_RANGE_LOOP_ANALYSIS = YES;
				CLANG_WARN_STRICT_PROTOTYPES = YES;
				CLANG_WARN_SUSPICIOUS_MOVE = YES;
				CLANG_WARN_UNGUARDED_AVAILABILITY = YES_AGGRESSIVE;
				CLANG_WARN_UNREACHABLE_CODE = YES;
				CLANG_WARN__DUPLICATE_METHOD_MATCH = YES;
				CODE_SIGN_IDENTITY = "iPhone Developer";
				COPY_PHASE_STRIP = NO;
				DEBUG_INFORMATION_FORMAT = "dwarf-with-dsym";
				ENABLE_NS_ASSERTIONS = NO;
				ENABLE_STRICT_OBJC_MSGSEND = YES;
				GCC_C_LANGUAGE_STANDARD = gnu11;
				GCC_NO_COMMON_BLOCKS = YES;
				GCC_WARN_64_TO_32_BIT_CONVERSION = YES;
				GCC_WARN_ABOUT_RETURN_TYPE = YES_ERROR;
				GCC_WARN_UNDECLARED_SELECTOR = YES;
				GCC_WARN_UNINITIALIZED_AUTOS = YES_AGGRESSIVE;
				GCC_WARN_UNUSED_FUNCTION = YES;
				GCC_WARN_UNUSED_VARIABLE = YES;
				IPHONEOS_DEPLOYMENT_TARGET = 12.1;
				MTL_ENABLE_DEBUG_INFO = NO;
				MTL_FAST_MATH = YES;
				SDKROOT = iphoneos;
				SWIFT_COMPILATION_MODE = wholemodule;
				SWIFT_OPTIMIZATION_LEVEL = "-O";
				VALIDATE_PRODUCT = YES;
			};
			name = Release;
		};
		10A772A0221D12A400A457AB /* Debug */ = {
			isa = XCBuildConfiguration;
			baseConfigurationReference = D08CBF794D272410EB155F3F /* Pods-OverTimeMaster.debug.xcconfig */;
			buildSettings = {
				ASSETCATALOG_COMPILER_APPICON_NAME = AppIcon;
				CODE_SIGN_STYLE = Automatic;
				DEVELOPMENT_TEAM = "";
				INFOPLIST_FILE = OverTimeMaster/Info.plist;
				IPHONEOS_DEPLOYMENT_TARGET = 9.0;
				LD_RUNPATH_SEARCH_PATHS = (
					"$(inherited)",
					"@executable_path/Frameworks",
				);
				PRODUCT_BUNDLE_IDENTIFIER = com.4dot.overtimemaster;
				PRODUCT_NAME = "$(TARGET_NAME)";
				SWIFT_VERSION = 4.2;
				TARGETED_DEVICE_FAMILY = 1;
			};
			name = Debug;
		};
		10A772A1221D12A400A457AB /* Release */ = {
			isa = XCBuildConfiguration;
			baseConfigurationReference = B8CB1B13ABA4DDC53C8A152D /* Pods-OverTimeMaster.release.xcconfig */;
			buildSettings = {
				ASSETCATALOG_COMPILER_APPICON_NAME = AppIcon;
				CODE_SIGN_STYLE = Automatic;
				DEVELOPMENT_TEAM = "";
				INFOPLIST_FILE = OverTimeMaster/Info.plist;
				IPHONEOS_DEPLOYMENT_TARGET = 9.0;
				LD_RUNPATH_SEARCH_PATHS = (
					"$(inherited)",
					"@executable_path/Frameworks",
				);
				PRODUCT_BUNDLE_IDENTIFIER = com.4dot.overtimemaster;
				PRODUCT_NAME = "$(TARGET_NAME)";
				SWIFT_VERSION = 4.2;
				TARGETED_DEVICE_FAMILY = 1;
			};
			name = Release;
		};
		10A772A3221D12A400A457AB /* Debug */ = {
			isa = XCBuildConfiguration;
			baseConfigurationReference = 676A6EF922684C43A2D33BFE /* Pods-OverTimeMasterTests.debug.xcconfig */;
			buildSettings = {
				ALWAYS_EMBED_SWIFT_STANDARD_LIBRARIES = YES;
				BUNDLE_LOADER = "$(TEST_HOST)";
				CODE_SIGN_STYLE = Automatic;
				DEVELOPMENT_TEAM = WE4Q22B3LN;
				INFOPLIST_FILE = OverTimeCalculatorTests/Info.plist;
				LD_RUNPATH_SEARCH_PATHS = (
					"$(inherited)",
					"@executable_path/Frameworks",
					"@loader_path/Frameworks",
				);
				PRODUCT_BUNDLE_IDENTIFIER = "-Dot.OverTimeCalculatorTests";
				PRODUCT_NAME = "$(TARGET_NAME)";
				SWIFT_VERSION = 4.2;
				TARGETED_DEVICE_FAMILY = "1,2";
				TEST_HOST = "$(BUILT_PRODUCTS_DIR)/OverTimeMaster.app/OverTimeMaster";
			};
			name = Debug;
		};
		10A772A4221D12A400A457AB /* Release */ = {
			isa = XCBuildConfiguration;
			baseConfigurationReference = BA990A197B05668FDD2F1D85 /* Pods-OverTimeMasterTests.release.xcconfig */;
			buildSettings = {
				ALWAYS_EMBED_SWIFT_STANDARD_LIBRARIES = YES;
				BUNDLE_LOADER = "$(TEST_HOST)";
				CODE_SIGN_STYLE = Automatic;
				DEVELOPMENT_TEAM = WE4Q22B3LN;
				INFOPLIST_FILE = OverTimeCalculatorTests/Info.plist;
				LD_RUNPATH_SEARCH_PATHS = (
					"$(inherited)",
					"@executable_path/Frameworks",
					"@loader_path/Frameworks",
				);
				PRODUCT_BUNDLE_IDENTIFIER = "-Dot.OverTimeCalculatorTests";
				PRODUCT_NAME = "$(TARGET_NAME)";
				SWIFT_VERSION = 4.2;
				TARGETED_DEVICE_FAMILY = "1,2";
				TEST_HOST = "$(BUILT_PRODUCTS_DIR)/OverTimeMaster.app/OverTimeMaster";
			};
			name = Release;
		};
		10A772A6221D12A400A457AB /* Debug */ = {
			isa = XCBuildConfiguration;
			baseConfigurationReference = 29AB51EED88B093F1FA8191E /* Pods-OverTimeMasterUITests.debug.xcconfig */;
			buildSettings = {
				ALWAYS_EMBED_SWIFT_STANDARD_LIBRARIES = YES;
				CODE_SIGN_STYLE = Automatic;
				DEVELOPMENT_TEAM = WE4Q22B3LN;
				INFOPLIST_FILE = OverTimeCalculatorUITests/Info.plist;
				LD_RUNPATH_SEARCH_PATHS = (
					"$(inherited)",
					"@executable_path/Frameworks",
					"@loader_path/Frameworks",
				);
				PRODUCT_BUNDLE_IDENTIFIER = "-Dot.OverTimeCalculatorUITests";
				PRODUCT_NAME = "$(TARGET_NAME)";
				SWIFT_VERSION = 4.2;
				TARGETED_DEVICE_FAMILY = "1,2";
				TEST_TARGET_NAME = OverTimeCalculator;
			};
			name = Debug;
		};
		10A772A7221D12A400A457AB /* Release */ = {
			isa = XCBuildConfiguration;
			baseConfigurationReference = 2D268B2C8B2D9BD1C79B2443 /* Pods-OverTimeMasterUITests.release.xcconfig */;
			buildSettings = {
				ALWAYS_EMBED_SWIFT_STANDARD_LIBRARIES = YES;
				CODE_SIGN_STYLE = Automatic;
				DEVELOPMENT_TEAM = WE4Q22B3LN;
				INFOPLIST_FILE = OverTimeCalculatorUITests/Info.plist;
				LD_RUNPATH_SEARCH_PATHS = (
					"$(inherited)",
					"@executable_path/Frameworks",
					"@loader_path/Frameworks",
				);
				PRODUCT_BUNDLE_IDENTIFIER = "-Dot.OverTimeCalculatorUITests";
				PRODUCT_NAME = "$(TARGET_NAME)";
				SWIFT_VERSION = 4.2;
				TARGETED_DEVICE_FAMILY = "1,2";
				TEST_TARGET_NAME = OverTimeCalculator;
			};
			name = Release;
		};
/* End XCBuildConfiguration section */

/* Begin XCConfigurationList section */
		10A77270221D12A000A457AB /* Build configuration list for PBXProject "OverTimeMaster" */ = {
			isa = XCConfigurationList;
			buildConfigurations = (
				10A7729D221D12A400A457AB /* Debug */,
				10A7729E221D12A400A457AB /* Release */,
			);
			defaultConfigurationIsVisible = 0;
			defaultConfigurationName = Release;
		};
		10A7729F221D12A400A457AB /* Build configuration list for PBXNativeTarget "OverTimeMaster" */ = {
			isa = XCConfigurationList;
			buildConfigurations = (
				10A772A0221D12A400A457AB /* Debug */,
				10A772A1221D12A400A457AB /* Release */,
			);
			defaultConfigurationIsVisible = 0;
			defaultConfigurationName = Release;
		};
		10A772A2221D12A400A457AB /* Build configuration list for PBXNativeTarget "OverTimeMasterTests" */ = {
			isa = XCConfigurationList;
			buildConfigurations = (
				10A772A3221D12A400A457AB /* Debug */,
				10A772A4221D12A400A457AB /* Release */,
			);
			defaultConfigurationIsVisible = 0;
			defaultConfigurationName = Release;
		};
		10A772A5221D12A400A457AB /* Build configuration list for PBXNativeTarget "OverTimeMasterUITests" */ = {
			isa = XCConfigurationList;
			buildConfigurations = (
				10A772A6221D12A400A457AB /* Debug */,
				10A772A7221D12A400A457AB /* Release */,
			);
			defaultConfigurationIsVisible = 0;
			defaultConfigurationName = Release;
		};
/* End XCConfigurationList section */
	};
	rootObject = 10A7726D221D12A000A457AB /* Project object */;
}
